{
  "nodes": {
    "nixpkgs": {
      "locked": {
        "lastModified": 1785571196,
        "narHash": "sha256-KoTsyMQqnXQZq8deCEnu4QkyldkwH/bpMMhUcfMdGIw=",
        "owner": "NixOS",
        "repo": "nixpkgs",
        "rev": "148bab9c1c3c53136ecb44a6ea356a0ed5b39b06",
        "type": "github"
      },
      "original": {
        "owner": "NixOS",
        "ref": "nixos-unstable",
        "repo": "nixpkgs",
        "type": "github"
      }
    },
    "open-wallpaper-engine-src": {
      "flake": false,
      "locked": {
        "lastModified": 1785066331,
        "narHash": "sha256-b52JEa5mfOEJ03hKtTC+0h0v8Xlfdqg0IvwGni4MdF8=",
        "owner": "waywallen",
        "repo": "open-wallpaper-engine",
        "rev": "bd1160ac5dfd78e457b34969f873767e1f35a7cc",
        "type": "github"
      },
      "original": {
        "owner": "waywallen",
        "ref": "v0.2.0",
        "repo": "open-wallpaper-engine",
        "type": "github"
      }
    },
    "root": {
      "inputs": {
        "nixpkgs": "nixpkgs",
        "open-wallpaper-engine-src": "open-wallpaper-engine-src",
        "waywallen-display-src": "waywallen-display-src",
        "waywallen-src": "waywallen-src"
      }
    },
    "waywallen-display-src": {
      "flake": false,
      "locked": {
        "lastModified": 1785064273,
        "narHash": "sha256-N+QjNfDu3RpfDWPE42miZ5i37CV68Y5A9EkzWUAolVI=",
        "owner": "waywallen",
        "repo": "waywallen-display",
        "rev": "8a3757c777274e9a0e931720fb82c993e5aacf1d",
        "type": "github"
      },
      "original": {
        "owner": "waywallen",
        "ref": "v0.2.9",
        "repo": "waywallen-display",
        "type": "github"
      }
    },
    "waywallen-src": {
      "flake": false,
      "locked": {
        "lastModified": 1785066535,
        "narHash": "sha256-i7kvhOHiJZaiBFLRWSfbLmTkiAx//cSFAraG2rpb5I4=",
        "owner": "waywallen",
        "repo": "waywallen",
        "rev": "8427e71bd70403510d12cbd976428ea0fd8b0cbb",
        "type": "github"
      },
      "original": {
        "owner": "waywallen",
        "ref": "v0.2.6",
        "repo": "waywallen",
        "type": "github"
      }
    }
  },
  "root": "root",
  "version": 7
}
