{
  "nodes": {
    "nixpkgs": {
      "locked": {
        "lastModified": 1785571196,
        "narHash": "sha256-KoTsyMQqnXQZq8deCEnu4QkyldkwH/bpMMhUcfMdGIw=",
        "owner": "NixOS",
        "repo": "nixpkgs",
        "rev": "148bab9c1c3c53136ecb44a6ea356a0ed5b39b06",
        "type": "github"
      },
      "original": {
        "owner": "NixOS",
        "ref": "nixos-unstable",
        "repo": "nixpkgs",
        "type": "github"
      }
    },
    "open-wallpaper-engine-src": {
      "flake": false,
      "locked": {
        "lastModified": 1783864811,
        "narHash": "sha256-nfYef1gLgblMZVNlDIs8gdumJi8hZxebPnm9BSrW45M=",
        "owner": "waywallen",
        "repo": "open-wallpaper-engine",
        "rev": "0d7f92f4c6945ed3f759c0e84f25b0831eaee31c",
        "type": "github"
      },
      "original": {
        "owner": "waywallen",
        "ref": "v0.1.12",
        "repo": "open-wallpaper-engine",
        "type": "github"
      }
    },
    "root": {
      "inputs": {
        "nixpkgs": "nixpkgs",
        "open-wallpaper-engine-src": "open-wallpaper-engine-src",
        "waywallen-display-src": "waywallen-display-src",
        "waywallen-src": "waywallen-src"
      }
    },
    "waywallen-display-src": {
      "flake": false,
      "locked": {
        "lastModified": 1783175765,
        "narHash": "sha256-ofNvXDpLP9eH+MdefqAYa1FbBMNopO493X+3rQLkjIs=",
        "owner": "waywallen",
        "repo": "waywallen-display",
        "rev": "fc653114cea2b9f11b1b5114ff1df732bc7d91c3",
        "type": "github"
      },
      "original": {
        "owner": "waywallen",
        "ref": "v0.2.8",
        "repo": "waywallen-display",
        "type": "github"
      }
    },
    "waywallen-src": {
      "flake": false,
      "locked": {
        "lastModified": 1783873601,
        "narHash": "sha256-xojP0C+q+1CcXAtxHALjaoMaJtjzuGk0A2RW8mAxwaE=",
        "owner": "waywallen",
        "repo": "waywallen",
        "rev": "67950ba0e70b8ba675dc2b98cbf29e163ef8338a",
        "type": "github"
      },
      "original": {
        "owner": "waywallen",
        "ref": "v0.2.5",
        "repo": "waywallen",
        "type": "github"
      }
    }
  },
  "root": "root",
  "version": 7
}
